
Microsoft Visual Studio Solution File, Format Version 12.00
# Visual Studio Version 17
VisualStudioVersion = 17.5.33530.505
MinimumVisualStudioVersion = 10.0.40219.1
Project("{FAE04EC0-301F-11D3-BF4B-00C04F79EFBC}") = "Kafka.Consumer.Handler", "Kafka.Consumer.Handler\Kafka.Consumer.Handler.csproj", "{18BA980E-ADC1-40C7-AEE0-96F83FC41F37}"
EndProject
Project("{FAE04EC0-301F-11D3-BF4B-00C04F79EFBC}") = "Kafka.Producer.API", "Kafka.Producer.API\Kafka.Producer.API.csproj", "{E557BD36-991C-48C4-915A-FE6BEE6F51C8}"
EndProject
Project("{E53339B2-1760-4266-BCC7-CA923CBCF16C}") = "docker-compose", "docker-compose.dcproj", "{650A55C7-FA61-4045-87C4-3B50FA16917D}"
EndProject
Global
	GlobalSection(SolutionConfigurationPlatforms) = preSolution
		Debug|Any CPU = Debug|Any CPU
		Release|Any CPU = Release|Any CPU
	EndGlobalSection
	GlobalSection(ProjectConfigurationPlatforms) = postSolution
		{18BA980E-ADC1-40C7-AEE0-96F83FC41F37}.Debug|Any CPU.ActiveCfg = Debug|Any CPU
		{18BA980E-ADC1-40C7-AEE0-96F83FC41F37}.Debug|Any CPU.Build.0 = Debug|Any CPU
		{18BA980E-ADC1-40C7-AEE0-96F83FC41F37}.Release|Any CPU.ActiveCfg = Release|Any CPU
		{18BA980E-ADC1-40C7-AEE0-96F83FC41F37}.Release|Any CPU.Build.0 = Release|Any CPU
		{E557BD36-991C-48C4-915A-FE6BEE6F51C8}.Debug|Any CPU.ActiveCfg = Debug|Any CPU
		{E557BD36-991C-48C4-915A-FE6BEE6F51C8}.Debug|Any CPU.Build.0 = Debug|Any CPU
		{E557BD36-991C-48C4-915A-FE6BEE6F51C8}.Release|Any CPU.ActiveCfg = Release|Any CPU
		{E557BD36-991C-48C4-915A-FE6BEE6F51C8}.Release|Any CPU.Build.0 = Release|Any CPU
		{650A55C7-FA61-4045-87C4-3B50FA16917D}.Debug|Any CPU.ActiveCfg = Debug|Any CPU
		{650A55C7-FA61-4045-87C4-3B50FA16917D}.Debug|Any CPU.Build.0 = Debug|Any CPU
		{650A55C7-FA61-4045-87C4-3B50FA16917D}.Release|Any CPU.ActiveCfg = Release|Any CPU
		{650A55C7-FA61-4045-87C4-3B50FA16917D}.Release|Any CPU.Build.0 = Release|Any CPU
	EndGlobalSection
	GlobalSection(SolutionProperties) = preSolution
		HideSolutionNode = FALSE
	EndGlobalSection
	GlobalSection(ExtensibilityGlobals) = postSolution
		SolutionGuid = {08934975-5FC6-4D90-B89D-8A95BEEA89C4}
	EndGlobalSection
EndGlobal
